Microsoft Visual Studio Solution File, Format Version 11.00
# Visual Studio 2008

Project("{95997CA2-E8BC-0D9F-E803-713B86BF33AD}") = "OfficeViewer", "Assembly-CSharp-firstpass.csproj", "{CA07E9FE-718A-1401-BEC3-899CF4C056C4}"
EndProject
Project("{95997CA2-E8BC-0D9F-E803-713B86BF33AD}") = "OfficeViewer", "Assembly-CSharp.csproj", "{9B095B11-3C06-7506-B293-9BEF6E430D92}"
EndProject
Project("{95997CA2-E8BC-0D9F-E803-713B86BF33AD}") = "OfficeViewer", "Assembly-CSharp-Editor.csproj", "{C00B80D1-1D35-AB55-C2D4-4C68B0FEB926}"
EndProject
Project("{95997CA2-E8BC-0D9F-E803-713B86BF33AD}") = "OfficeViewer", "Assembly-UnityScript-firstpass.unityproj", "{C4F94A61-E809-CE28-62D8-36EDD14E123B}"
EndProject
Project("{95997CA2-E8BC-0D9F-E803-713B86BF33AD}") = "OfficeViewer", "Assembly-UnityScript-Editor.unityproj", "{E50FB2DF-63C5-0BF6-6F63-BD0ADF3918C4}"
EndProject
Global
	GlobalSection(SolutionConfigurationPlatforms) = preSolution
		Debug|Any CPU = Debug|Any CPU
		Release|Any CPU = Release|Any CPU
	EndGlobalSection
	GlobalSection(ProjectConfigurationPlatforms) = postSolution
		{CA07E9FE-718A-1401-BEC3-899CF4C056C4}.Debug|Any CPU.ActiveCfg = Debug|Any CPU
		{CA07E9FE-718A-1401-BEC3-899CF4C056C4}.Debug|Any CPU.Build.0 = Debug|Any CPU
		{CA07E9FE-718A-1401-BEC3-899CF4C056C4}.Release|Any CPU.ActiveCfg = Release|Any CPU
		{CA07E9FE-718A-1401-BEC3-899CF4C056C4}.Release|Any CPU.Build.0 = Release|Any CPU
		{9B095B11-3C06-7506-B293-9BEF6E430D92}.Debug|Any CPU.ActiveCfg = Debug|Any CPU
		{9B095B11-3C06-7506-B293-9BEF6E430D92}.Debug|Any CPU.Build.0 = Debug|Any CPU
		{9B095B11-3C06-7506-B293-9BEF6E430D92}.Release|Any CPU.ActiveCfg = Release|Any CPU
		{9B095B11-3C06-7506-B293-9BEF6E430D92}.Release|Any CPU.Build.0 = Release|Any CPU
		{C00B80D1-1D35-AB55-C2D4-4C68B0FEB926}.Debug|Any CPU.ActiveCfg = Debug|Any CPU
		{C00B80D1-1D35-AB55-C2D4-4C68B0FEB926}.Debug|Any CPU.Build.0 = Debug|Any CPU
		{C00B80D1-1D35-AB55-C2D4-4C68B0FEB926}.Release|Any CPU.ActiveCfg = Release|Any CPU
		{C00B80D1-1D35-AB55-C2D4-4C68B0FEB926}.Release|Any CPU.Build.0 = Release|Any CPU
		{C4F94A61-E809-CE28-62D8-36EDD14E123B}.Debug|Any CPU.ActiveCfg = Debug|Any CPU
		{C4F94A61-E809-CE28-62D8-36EDD14E123B}.Debug|Any CPU.Build.0 = Debug|Any CPU
		{C4F94A61-E809-CE28-62D8-36EDD14E123B}.Release|Any CPU.ActiveCfg = Release|Any CPU
		{C4F94A61-E809-CE28-62D8-36EDD14E123B}.Release|Any CPU.Build.0 = Release|Any CPU
		{E50FB2DF-63C5-0BF6-6F63-BD0ADF3918C4}.Debug|Any CPU.ActiveCfg = Debug|Any CPU
		{E50FB2DF-63C5-0BF6-6F63-BD0ADF3918C4}.Debug|Any CPU.Build.0 = Debug|Any CPU
		{E50FB2DF-63C5-0BF6-6F63-BD0ADF3918C4}.Release|Any CPU.ActiveCfg = Release|Any CPU
		{E50FB2DF-63C5-0BF6-6F63-BD0ADF3918C4}.Release|Any CPU.Build.0 = Release|Any CPU
	EndGlobalSection
	GlobalSection(SolutionProperties) = preSolution
		HideSolutionNode = FALSE
	EndGlobalSection
																																						GlobalSection(MonoDevelopProperties) = preSolution
		StartupItem = Assembly-CSharp.csproj
		Policies = $0
		$0.TextStylePolicy = $1
		$1.inheritsSet = null
		$1.scope = text/x-csharp
		$0.CSharpFormattingPolicy = $2
		$2.AnonymousMethodBraceStyle = NextLine
		$2.PropertyBraceStyle = NextLine
		$2.PropertyGetBraceStyle = NextLine
		$2.PropertySetBraceStyle = NextLine
		$2.EventBraceStyle = NextLine
		$2.EventAddBraceStyle = NextLine
		$2.EventRemoveBraceStyle = NextLine
		$2.StatementBraceStyle = NextLine
		$2.inheritsSet = Mono
		$2.inheritsScope = text/x-csharp
		$2.scope = text/x-csharp
		$0.TextStylePolicy = $3
		$3.FileWidth = 120
		$3.TabWidth = 4
		$3.EolMarker = Unix
		$3.inheritsSet = Mono
		$3.inheritsScope = text/plain
		$3.scope = text/plain
	EndGlobalSection

EndGlobal
